<?xml version="1.0" encoding="utf-8"?>
<Project ToolsVersion="4.0" xmlns="http://schemas.microsoft.com/developer/msbuild/2003">
  <ItemGroup>
    <FxCompile Include="Resources\Shaders\BoxFilter.PS.hlsl" />
    <FxCompile Include="Resources\Shaders\BoxFilter.VS.hlsl" />
    <FxCompile Include="Resources\Shaders\Fullscreen.VS.hlsl" />
    <FxCompile Include="Resources\Shaders\Fullscreen.PS.hlsl" />
    <FxCompile Include="Resources\Shaders\GaussianFilter.PS.hlsl" />
    <FxCompile Include="Resources\Shaders\GaussianFilter.VS.hlsl" />
    <FxCompile Include="Resources\Shaders\Line.PS.hlsl" />
    <FxCompile Include="Resources\Shaders\Line.VS.hlsl" />
    <FxCompile Include="Resources\Shaders\GrayScale.VS.hlsl" />
    <FxCompile Include="Resources\Shaders\GrayScale.PS.hlsl" />
    <FxCompile Include="Resources\Shaders\LuminanceBasedOutline.PS.hlsl" />
    <FxCompile Include="Resources\Shaders\LuminanceBasedOutline.VS.hlsl" />
    <FxCompile Include="Resources\Shaders\Object3d.PS.hlsl" />
    <FxCompile Include="Resources\Shaders\Object3d.VS.hlsl" />
    <FxCompile Include="Resources\Shaders\Particle.PS.hlsl" />
    <FxCompile Include="Resources\Shaders\Particle.VS.hlsl" />
    <FxCompile Include="Resources\Shaders\RadialBlur.PS.hlsl" />
    <FxCompile Include="Resources\Shaders\SkinningObject3d.PS.hlsl" />
    <FxCompile Include="Resources\Shaders\SkinningObject3d.VS.hlsl" />
    <FxCompile Include="Resources\Shaders\Skybox.PS.hlsl" />
    <FxCompile Include="Resources\Shaders\Skybox.VS.hlsl" />
    <FxCompile Include="Resources\Shaders\Sprite.PS.hlsl" />
    <FxCompile Include="Resources\Shaders\Sprite.VS.hlsl" />
    <FxCompile Include="Resources\Shaders\TransitionFade.PS.hlsl" />
    <FxCompile Include="Resources\Shaders\Vignette.PS.hlsl" />
    <FxCompile Include="Resources\Shaders\Vignette.VS.hlsl" />
  </ItemGroup>
  <ItemGroup>
    <ClCompile Include="application\map\MapChipField.cpp" />
    <ClCompile Include="application\map\StageEditor.cpp" />
    <ClCompile Include="application\particle\ChargeBehavior.cpp" />
    <ClCompile Include="application\collision\CollisionManager.cpp" />
    <ClCompile Include="application\collision\Collider.cpp" />
    <ClCompile Include="application\scene\StageSelectScene.cpp" />
    <ClCompile Include="application\ui\PauseMenu.cpp" />
    <ClCompile Include="engine\math\Easing.cpp" />
    <ClCompile Include="engine\camera\CameraManager.cpp" />
    <ClCompile Include="engine\scene\AbstractSceneFactory.cpp" />
    <ClCompile Include="engine\scene\BaseScene.cpp" />
    <ClCompile Include="engine\camera\Camera.cpp" />
    <ClCompile Include="engine\audio\Audio.cpp" />
    <ClCompile Include="engine\base\D3DResourceLeakChecker.cpp" />
    <ClCompile Include="engine\base\DirectXCommon.cpp" />
    <ClCompile Include="engine\input\Input.cpp" />
    <ClCompile Include="engine\base\Logger.cpp" />
    <ClCompile Include="engine\base\ImGuiManager.cpp" />
    <ClCompile Include="engine\base\Framework.cpp" />
    <ClCompile Include="engine\scene\Game.cpp" />
    <ClCompile Include="application\scene\GamePlayScene.cpp" />
    <ClCompile Include="application\scene\GameClearScene.cpp" />
    <ClCompile Include="application\scene\GameOverScene.cpp" />
    <ClCompile Include="engine\base\GraphicsPipeline.cpp" />
    <ClCompile Include="engine\Line\Line.cpp" />
    <ClCompile Include="engine\Line\LineCommon.cpp" />
    <ClCompile Include="engine\fade\FadeManager.cpp" />
    <ClCompile Include="application\goal\Goal.cpp" />
    <ClCompile Include="application\particle\GameOverEffect.cpp" />
    <ClCompile Include="application\map\GenerateBlock.cpp" />
    <ClCompile Include="application\particle\GateInOut.cpp" />
    <ClCompile Include="main.cpp" />
    <ClCompile Include="engine\3d\Model.cpp" />
    <ClCompile Include="engine\3d\ModelCommon.cpp" />
    <ClCompile Include="engine\3d\ModelManager.cpp" />
    <ClCompile Include="engine\math\MyMath.cpp" />
    <ClCompile Include="engine\3d\Object3D.cpp" />
    <ClCompile Include="engine\3d\Object3DCommon.cpp" />
    <ClCompile Include="engine\2d\Sprite.cpp" />
    <ClCompile Include="engine\2d\SpriteCommon.cpp" />
    <ClCompile Include="engine\base\StringUtility.cpp" />
    <ClCompile Include="engine\base\TextureManager.cpp" />
    <ClCompile Include="engine\base\WinApp.cpp" />
    <ClCompile Include="engine\scene\SceneFactory.cpp" />
    <ClCompile Include="engine\scene\SceneManager.cpp" />
    <ClCompile Include="engine\base\SrvManager.cpp" />
    <ClCompile Include="application\scene\TitleScene.cpp" />
    <ClCompile Include="application\player\Player.cpp" />
    <ClCompile Include="engine\particle\ParticleEmitter.cpp" />
    <ClCompile Include="engine\particle\ParticleManager.cpp" />
    <ClCompile Include="engine\base\OffscreenRenderManager.cpp" />
    <ClCompile Include="engine\skybox\SkyBox.cpp" />
    <ClCompile Include="engine\skybox\SkyBoxCommon.cpp" />
    <ClCompile Include="application\map\MapChipDatabase.cpp" />
    <ClCompile Include="application\particle\StageEndEffect.cpp" />
    <ClCompile Include="application\particle\StageStartEffect.cpp" />
    <ClCompile Include="engine\particle\ParticleEditor.cpp" />
    <ClCompile Include="engine\particle\ParticleBehaviorFactory.cpp" />
    <ClCompile Include="application\particle\BarrierBreakBehavior.cpp" />
    <ClCompile Include="application\particle\BarrierRingBehavior.cpp" />
    <ClCompile Include="application\particle\AttackBehavior.cpp" />
    <ClCompile Include="application\particle\PlayerpaticleBehavior.cpp" />
    <ClCompile Include="engine\particle\IParticleBehavior.cpp" />
    <ClCompile Include="application\particle\MagicCircleBehavior.cpp" />
    <ClCompile Include="engine\ui\UIeditor.cpp" />
    <ClCompile Include="StageData.cpp" />
    <ClCompile Include="MapCollisionSystem.cpp" />
    <ClCompile Include="MapCollisionTypes.cpp" />
  </ItemGroup>
  <ItemGroup>
    <ClInclude Include="application\map\MapChipField.h" />
    <ClInclude Include="application\map\StageEditor.h" />
    <ClInclude Include="application\particle\ChargeBehavior.h" />
    <ClInclude Include="application\collision\CollisionManager.h" />
    <ClInclude Include="application\collision\Collider.h" />
    <ClInclude Include="application\scene\StageSelectScene.h" />
    <ClInclude Include="application\ui\PauseMenu.h" />
    <ClInclude Include="engine\math\Easing.h" />
    <ClInclude Include="engine\camera\CameraManager.h" />
    <ClInclude Include="engine\math\Quaternion.h" />
    <ClInclude Include="engine\scene\AbstractSceneFactory.h" />
    <ClInclude Include="engine\scene\BaseScene.h" />
    <ClInclude Include="engine\camera\Camera.h" />
    <ClInclude Include="engine\audio\Audio.h" />
    <ClInclude Include="engine\base\D3DResourceLeakChecker.h" />
    <ClInclude Include="engine\base\DirectXCommon.h" />
    <ClInclude Include="engine\input\Input.h" />
    <ClInclude Include="engine\base\Logger.h" />
    <ClInclude Include="engine\math\Matrix3x3.h" />
    <ClInclude Include="engine\math\Matrix4x4.h" />
    <ClInclude Include="engine\3d\Model.h" />
    <ClInclude Include="engine\3d\ModelCommon.h" />
    <ClInclude Include="engine\3d\ModelManager.h" />
    <ClInclude Include="engine\math\MyMath.h" />
    <ClInclude Include="engine\3d\Object3D.h" />
    <ClInclude Include="engine\3d\Object3DCommon.h" />
    <ClInclude Include="engine\math\RenderingData.h" />
    <ClInclude Include="engine\2d\Sprite.h" />
    <ClInclude Include="engine\2d\SpriteCommon.h" />
    <ClInclude Include="engine\base\StringUtility.h" />
    <ClInclude Include="engine\base\TextureManager.h" />
    <ClInclude Include="engine\math\Vector2.h" />
    <ClInclude Include="engine\math\Vector3.h" />
    <ClInclude Include="engine\math\Vector4.h" />
    <ClInclude Include="engine\base\WinApp.h" />
    <ClInclude Include="engine\base\ImGuiManager.h" />
    <ClInclude Include="engine\base\Framework.h" />
    <ClInclude Include="engine\scene\Game.h" />
    <ClInclude Include="application\scene\GamePlayScene.h" />
    <ClInclude Include="engine\scene\SceneFactory.h" />
    <ClInclude Include="engine\scene\SceneManager.h" />
    <ClInclude Include="engine\base\SrvManager.h" />
    <ClInclude Include="application\scene\TitleScene.h" />
    <ClInclude Include="application\scene\GameClearScene.h" />
    <ClInclude Include="application\scene\GameOverScene.h" />
    <ClInclude Include="engine\fade\FadeManager.h" />
    <ClInclude Include="application\goal\Goal.h" />
    <ClInclude Include="application\player\Player.h" />
    <ClInclude Include="engine\base\GraphicsPipeline.h" />
    <ClInclude Include="engine\particle\ParticleEmitter.h" />
    <ClInclude Include="engine\particle\ParticleManager.h" />
    <ClInclude Include="engine\base\OffscreenRenderManager.h" />
    <ClInclude Include="engine\Line\Line.h" />
    <ClInclude Include="engine\Line\LineCommon.h" />
    <ClInclude Include="engine\skybox\SkyBox.h" />
    <ClInclude Include="engine\skybox\SkyBoxCommon.h" />
    <ClInclude Include="application\particle\GameOverEffect.h" />
    <ClInclude Include="application\map\MapChipDatabase.h" />
    <ClInclude Include="application\particle\StageEndEffect.h" />
    <ClInclude Include="application\particle\StageStartEffect.h" />
    <ClInclude Include="application\map\GenerateBlock.h" />
    <ClInclude Include="application\particle\GateInOut.h" />
    <ClInclude Include="engine\particle\ParticleEditor.h" />
    <ClInclude Include="engine\particle\ParticleBehaviorFactory.h" />
    <ClInclude Include="application\particle\BarrierBreakBehavior.h" />
    <ClInclude Include="application\particle\BarrierRingBehavior.h" />
    <ClInclude Include="application\particle\AttackBehavior.h" />
    <ClInclude Include="application\particle\PlayerpaticleBehavior.h" />
    <ClInclude Include="engine\particle\IParticleBehavior.h" />
    <ClInclude Include="application\particle\MagicCircleBehavior.h" />
    <ClInclude Include="engine\ui\UIeditor.h" />
    <ClInclude Include="StageData.h" />
    <ClInclude Include="CollisionMapInfo.h" />
    <ClInclude Include="MapCollisionSystem.h" />
    <ClInclude Include="MapCollisionTypes.h" />
  </ItemGroup>
  <ItemGroup>
    <None Include="Resources\Mapdate\testmap.csv" />
    <None Include="Resources\Shaders\BoxFilter.hlsli" />
    <None Include="Resources\Shaders\GaussianFilter.hlsli" />
    <None Include="Resources\Mapdate\blocks.csv" />
    <None Include="Resources\Shaders\Line.hlsli" />
    <None Include="Resources\models\animationfly.bin" />
    <None Include="Resources\models\animationfly.gltf" />
    <None Include="Resources\models\player.gltf" />
    <None Include="Resources\Shaders\Fullscreen.hlsli" />
    <None Include="Resources\Shaders\GrayScale.hlsli" />
    <None Include="Resources\Shaders\LuminanceBasedOutline.hlsli" />
    <None Include="Resources\Shaders\Object3d.hlsli" />
    <None Include="Resources\Shaders\Particle.hlsli" />
    <None Include="Resources\Shaders\Skybox.hlsli" />
    <None Include="Resources\Shaders\Sprite.hlsli" />
    <None Include="Resources\Shaders\Vignette.hlsli" />
  </ItemGroup>
</Project>